{
  "name": "vibewand-promo-tools",
  "lockfileVersion": 3,
  "requires": true,
  "packages": {
    "": {
      "name": "vibewand-promo-tools",
      "dependencies": {
        "@fontsource/jetbrains-mono": "5.3.0",
        "@fontsource/noto-sans-sc": "5.3.0",
        "@fontsource/sora": "5.3.0",
        "gsap": "3.15.0",
        "playwright-core": "1.63.0"
      }
    },
    "node_modules/@fontsource/jetbrains-mono": {
      "version": "5.3.0",
      "resolved": "https://registry.npmjs.org/@fontsource/jetbrains-mono/-/jetbrains-mono-5.3.0.tgz",
      "integrity": "sha512-fqDfB5I9f1p1TV486aUgB9t8zP84P0O1FtQR5Ol9vjwPy+S+EIGlVYm1cvj2W5shcZMTg2nZFdVMoH5wFu8a1A==",
      "license": "OFL-1.1",
      "funding": {
        "url": "https://github.com/sponsors/ayuhito"
      }
    },
    "node_modules/@fontsource/noto-sans-sc": {
      "version": "5.3.0",
      "resolved": "https://registry.npmjs.org/@fontsource/noto-sans-sc/-/noto-sans-sc-5.3.0.tgz",
      "integrity": "sha512-HeqIlGm0+ohOKxZLuHj1qW6r6avHH0OWdKERAcSDI0RQ+MXrteuLKA+M+5eOA8rYy0MFvOR5AT0fQo2rUkye0Q==",
      "license": "OFL-1.1",
      "funding": {
        "url": "https://github.com/sponsors/ayuhito"
      }
    },
    "node_modules/@fontsource/sora": {
      "version": "5.3.0",
      "resolved": "https://registry.npmjs.org/@fontsource/sora/-/sora-5.3.0.tgz",
      "integrity": "sha512-SqW3OpKxxfKvxDLPlbdrWf2KooPfbd+W3jaYn483o+Y/JrmU87vjFPNptDqwP428c3vY+gnranLhjcbRaXB0Jw==",
      "license": "OFL-1.1",
      "funding": {
        "url": "https://github.com/sponsors/ayuhito"
      }
    },
    "node_modules/gsap": {
      "version": "3.15.0",
      "resolved": "https://registry.npmjs.org/gsap/-/gsap-3.15.0.tgz",
      "integrity": "sha512-dMW4CWBTUK1AEEDeZc1g4xpPGIrSf9fJF960qbTZmN/QwZIWY5wgliS6JWl9/25fpTGJrMRtSjGtOmPnfjZB+A==",
      "license": "Standard 'no charge' license: https://gsap.com/standard-license."
    },
    "node_modules/playwright-core": {
      "version": "1.63.0",
      "resolved": "https://registry.npmjs.org/playwright-core/-/playwright-core-1.63.0.tgz",
      "integrity": "sha512-rYCsBF/M5HjUch52bbtVONEFjv6Xu8sm8h72dNlR5bzIE1fvC/bxgspzkjSfU+MweEMmPM8KJebG6nnyxo5mCg==",
      "license": "Apache-2.0",
      "bin": {
        "playwright-core": "cli.js"
      },
      "engines": {
        "node": ">=20"
      }
    }
  }
}
